
Microsoft Visual Studio Solution File, Format Version 12.00
# Visual Studio 15
VisualStudioVersion = 15.0.28307.1062
MinimumVisualStudioVersion = 10.0.40219.1
Project("{FAE04EC0-301F-11D3-BF4B-00C04F79EFBC}") = "Entity", "EntityLayer\Entity.csproj", "{39706BF0-E3B9-4F58-9904-FF4F5D9EAEBF}"
EndProject
Project("{FAE04EC0-301F-11D3-BF4B-00C04F79EFBC}") = "DataAccess", "DataAccess\DataAccess.csproj", "{7262CDED-8986-4407-8F09-ECCA62C8BFA2}"
EndProject
Project("{FAE04EC0-301F-11D3-BF4B-00C04F79EFBC}") = "LogicLayer", "LogicLayer\LogicLayer.csproj", "{32D57809-B681-46C5-A50C-9BC75E42BB6F}"
EndProject
Project("{FAE04EC0-301F-11D3-BF4B-00C04F79EFBC}") = "Presentation", "Presentation\Presentation.csproj", "{176CE309-62BA-4039-9EA5-B0DEBCFA29F6}"
EndProject
Global
	GlobalSection(SolutionConfigurationPlatforms) = preSolution
		Debug|Any CPU = Debug|Any CPU
		Release|Any CPU = Release|Any CPU
	EndGlobalSection
	GlobalSection(ProjectConfigurationPlatforms) = postSolution
		{39706BF0-E3B9-4F58-9904-FF4F5D9EAEBF}.Debug|Any CPU.ActiveCfg = Debug|Any CPU
		{39706BF0-E3B9-4F58-9904-FF4F5D9EAEBF}.Debug|Any CPU.Build.0 = Debug|Any CPU
		{39706BF0-E3B9-4F58-9904-FF4F5D9EAEBF}.Release|Any CPU.ActiveCfg = Release|Any CPU
		{39706BF0-E3B9-4F58-9904-FF4F5D9EAEBF}.Release|Any CPU.Build.0 = Release|Any CPU
		{7262CDED-8986-4407-8F09-ECCA62C8BFA2}.Debug|Any CPU.ActiveCfg = Debug|Any CPU
		{7262CDED-8986-4407-8F09-ECCA62C8BFA2}.Debug|Any CPU.Build.0 = Debug|Any CPU
		{7262CDED-8986-4407-8F09-ECCA62C8BFA2}.Release|Any CPU.ActiveCfg = Release|Any CPU
		{7262CDED-8986-4407-8F09-ECCA62C8BFA2}.Release|Any CPU.Build.0 = Release|Any CPU
		{32D57809-B681-46C5-A50C-9BC75E42BB6F}.Debug|Any CPU.ActiveCfg = Debug|Any CPU
		{32D57809-B681-46C5-A50C-9BC75E42BB6F}.Debug|Any CPU.Build.0 = Debug|Any CPU
		{32D57809-B681-46C5-A50C-9BC75E42BB6F}.Release|Any CPU.ActiveCfg = Release|Any CPU
		{32D57809-B681-46C5-A50C-9BC75E42BB6F}.Release|Any CPU.Build.0 = Release|Any CPU
		{176CE309-62BA-4039-9EA5-B0DEBCFA29F6}.Debug|Any CPU.ActiveCfg = Debug|Any CPU
		{176CE309-62BA-4039-9EA5-B0DEBCFA29F6}.Debug|Any CPU.Build.0 = Debug|Any CPU
		{176CE309-62BA-4039-9EA5-B0DEBCFA29F6}.Release|Any CPU.ActiveCfg = Release|Any CPU
		{176CE309-62BA-4039-9EA5-B0DEBCFA29F6}.Release|Any CPU.Build.0 = Release|Any CPU
	EndGlobalSection
	GlobalSection(SolutionProperties) = preSolution
		HideSolutionNode = FALSE
	EndGlobalSection
	GlobalSection(ExtensibilityGlobals) = postSolution
		SolutionGuid = {17F664F0-81F0-4790-93A2-FC7AF5A52D98}
	EndGlobalSection
EndGlobal
